// !$*UTF8*$!
{
	archiveVersion = 1;
	classes = {
	};
	objectVersion = 77;
	objects = {

/* Begin PBXBuildFile section */
		9588F9F92EC74011009BFE0E /* Alamofire in Frameworks */ = {isa = PBXBuildFile; productRef = 9588F9F82EC74011009BFE0E /* Alamofire */; };
/* End PBXBuildFile section */

/* Begin PBXContainerItemProxy section */
		9588F9862EC73151009BFE0E /* PBXContainerItemProxy */ = {
			isa = PBXContainerItemProxy;
			containerPortal = 9588F9672EC73150009BFE0E /* Project object */;
			proxyType = 1;
			remoteGlobalIDString = 9588F96E2EC73150009BFE0E;
			remoteInfo = DogMeCat;
		};
		9588F9902EC73151009BFE0E /* PBXContainerItemProxy */ = {
			isa = PBXContainerItemProxy;
			containerPortal = 9588F9672EC73150009BFE0E /* Project object */;
			proxyType = 1;
			remoteGlobalIDString = 9588F96E2EC73150009BFE0E;
			remoteInfo = DogMeCat;
		};
/* End PBXContainerItemProxy section */

/* Begin PBXFileReference section */
		9588F96F2EC73150009BFE0E /* DogMeCat.app */ = {isa = PBXFileReference; explicitFileType = wrapper.application; includeInIndex = 0; path = DogMeCat.app; sourceTree = BUILT_PRODUCTS_DIR; };
		9588F9852EC73151009BFE0E /* DogMeCatTests.xctest */ = {isa = PBXFileReference; explicitFileType = wrapper.cfbundle; includeInIndex = 0; path = DogMeCatTests.xctest; sourceTree = BUILT_PRODUCTS_DIR; };
		9588F98F2EC73151009BFE0E /* DogMeCatUITests.xctest */ = {isa = PBXFileReference; explicitFileType = wrapper.cfbundle; includeInIndex = 0; path = DogMeCatUITests.xctest; sourceTree = BUILT_PRODUCTS_DIR; };
/* End PBXFileReference section */

/* Begin PBXFileSystemSynchronizedBuildFileExceptionSet section */
		9588F9972EC73151009BFE0E /* Exceptions for "DogMeCat" folder in "DogMeCat" target */ = {
			isa = PBXFileSystemSynchronizedBuildFileExceptionSet;
			membershipExceptions = (
				Info.plist,
			);
			target = 9588F96E2EC73150009BFE0E /* DogMeCat */;
		};
/* End PBXFileSystemSynchronizedBuildFileExceptionSet section */

/* Begin PBXFileSystemSynchronizedRootGroup section */
		9588F9712EC73150009BFE0E /* DogMeCat */ = {
			isa = PBXFileSystemSynchronizedRootGroup;
			exceptions = (
				9588F9972EC73151009BFE0E /* Exceptions for "DogMeCat" folder in "DogMeCat" target */,
			);
			path = DogMeCat;
			sourceTree = "<group>";
		};
		9588F9882EC73151009BFE0E /* DogMeCatTests */ = {
			isa = PBXFileSystemSynchronizedRootGroup;
			path = DogMeCatTests;
			sourceTree = "<group>";
		};
		9588F9922EC73151009BFE0E /* DogMeCatUITests */ = {
			isa = PBXFileSystemSynchronizedRootGroup;
			path = DogMeCatUITests;
			sourceTree = "<group>";
		};
/* End PBXFileSystemSynchronizedRootGroup section */

/* Begin PBXFrameworksBuildPhase section */
		9588F96C2EC73150009BFE0E /* Frameworks */ = {
			isa = PBXFrameworksBuildPhase;
			buildActionMask = 2147483647;
			files = (
				9588F9F92EC74011009BFE0E /* Alamofire in Frameworks */,
			);
			runOnlyForDeploymentPostprocessing = 0;
		};
		9588F9822EC73151009BFE0E /* Frameworks */ = {
			isa = PBXFrameworksBuildPhase;
			buildActionMask = 2147483647;
			files = (
			);
			runOnlyForDeploymentPostprocessing = 0;
		};
		9588F98C2EC73151009BFE0E /* Frameworks */ = {
			isa = PBXFrameworksBuildPhase;
			buildActionMask = 2147483647;
			files = (
			);
			runOnlyForDeploymentPostprocessing = 0;
		};
/* End PBXFrameworksBuildPhase section */

/* Begin PBXGroup section */
		9588F9662EC73150009BFE0E = {
			isa = PBXGroup;
			children = (
				9588F9712EC73150009BFE0E /* DogMeCat */,
				9588F9882EC73151009BFE0E /* DogMeCatTests */,
				9588F9922EC73151009BFE0E /* DogMeCatUITests */,
				9588F9702EC73150009BFE0E /* Products */,
			);
			sourceTree = "<group>";
		};
		9588F9702EC73150009BFE0E /* Products */ = {
			isa = PBXGroup;
			children = (
				9588F96F2EC73150009BFE0E /* DogMeCat.app */,
				9588F9852EC73151009BFE0E /* DogMeCatTests.xctest */,
				9588F98F2EC73151009BFE0E /* DogMeCatUITests.xctest */,
			);
			name = Products;
			sourceTree = "<group>";
		};
/* End PBXGroup section */

/* Begin PBXNativeTarget section */
		9588F96E2EC73150009BFE0E /* DogMeCat */ = {
			isa = PBXNativeTarget;
			buildConfigurationList = 9588F9982EC73151009BFE0E /* Build configuration list for PBXNativeTarget "DogMeCat" */;
			buildPhases = (
				9588F96B2EC73150009BFE0E /* Sources */,
				9588F96C2EC73150009BFE0E /* Frameworks */,
				9588F96D2EC73150009BFE0E /* Resources */,
			);
			buildRules = (
			);
			dependencies = (
			);
			fileSystemSynchronizedGroups = (
				9588F9712EC73150009BFE0E /* DogMeCat */,
			);
			name = DogMeCat;
			packageProductDependencies = (
				9588F9F82EC74011009BFE0E /* Alamofire */,
			);
			productName = DogMeCat;
			productReference = 9588F96F2EC73150009BFE0E /* DogMeCat.app */;
			productType = "com.apple.product-type.application";
		};
		9588F9842EC73151009BFE0E /* DogMeCatTests */ = {
			isa = PBXNativeTarget;
			buildConfigurationList = 9588F99D2EC73151009BFE0E /* Build configuration list for PBXNativeTarget "DogMeCatTests" */;
			buildPhases = (
				9588F9812EC73151009BFE0E /* Sources */,
				9588F9822EC73151009BFE0E /* Frameworks */,
				9588F9832EC73151009BFE0E /* Resources */,
			);
			buildRules = (
			);
			dependencies = (
				9588F9872EC73151009BFE0E /* PBXTargetDependency */,
			);
			fileSystemSynchronizedGroups = (
				9588F9882EC73151009BFE0E /* DogMeCatTests */,
			);
			name = DogMeCatTests;
			packageProductDependencies = (
			);
			productName = DogMeCatTests;
			productReference = 9588F9852EC73151009BFE0E /* DogMeCatTests.xctest */;
			productType = "com.apple.product-type.bundle.unit-test";
		};
		9588F98E2EC73151009BFE0E /* DogMeCatUITests */ = {
			isa = PBXNativeTarget;
			buildConfigurationList = 9588F9A02EC73151009BFE0E /* Build configuration list for PBXNativeTarget "DogMeCatUITests" */;
			buildPhases = (
				9588F98B2EC73151009BFE0E /* Sources */,
				9588F98C2EC73151009BFE0E /* Frameworks */,
				9588F98D2EC73151009BFE0E /* Resources */,
			);
			buildRules = (
			);
			dependencies = (
				9588F9912EC73151009BFE0E /* PBXTargetDependency */,
			);
			fileSystemSynchronizedGroups = (
				9588F9922EC73151009BFE0E /* DogMeCatUITests */,
			);
			name = DogMeCatUITests;
			packageProductDependencies = (
			);
			productName = DogMeCatUITests;
			productReference = 9588F98F2EC73151009BFE0E /* DogMeCatUITests.xctest */;
			productType = "com.apple.product-type.bundle.ui-testing";
		};
/* End PBXNativeTarget section */

/* Begin PBXProject section */
		9588F9672EC73150009BFE0E /* Project object */ = {
			isa = PBXProject;
			attributes = {
				BuildIndependentTargetsInParallel = 1;
				LastSwiftUpdateCheck = 2610;
				LastUpgradeCheck = 2610;
				TargetAttributes = {
					9588F96E2EC73150009BFE0E = {
						CreatedOnToolsVersion = 26.1;
					};
					9588F9842EC73151009BFE0E = {
						CreatedOnToolsVersion = 26.1;
						TestTargetID = 9588F96E2EC73150009BFE0E;
					};
					9588F98E2EC73151009BFE0E = {
						CreatedOnToolsVersion = 26.1;
						TestTargetID = 9588F96E2EC73150009BFE0E;
					};
				};
			};
			buildConfigurationList = 9588F96A2EC73150009BFE0E /* Build configuration list for PBXProject "DogMeCat" */;
			developmentRegion = en;
			hasScannedForEncodings = 0;
			knownRegions = (
				en,
				Base,
			);
			mainGroup = 9588F9662EC73150009BFE0E;
			minimizedProjectReferenceProxies = 1;
			packageReferences = (
				9588F9F42EC73F52009BFE0E /* XCRemoteSwiftPackageReference "Alamofire" */,
			);
			preferredProjectObjectVersion = 77;
			productRefGroup = 9588F9702EC73150009BFE0E /* Products */;
			projectDirPath = "";
			projectRoot = "";
			targets = (
				9588F96E2EC73150009BFE0E /* DogMeCat */,
				9588F9842EC73151009BFE0E /* DogMeCatTests */,
				9588F98E2EC73151009BFE0E /* DogMeCatUITests */,
			);
		};
/* End PBXProject section */

/* Begin PBXResourcesBuildPhase section */
		9588F96D2EC73150009BFE0E /* Resources */ = {
			isa = PBXResourcesBuildPhase;
			buildActionMask = 2147483647;
			files = (
			);
			runOnlyForDeploymentPostprocessing = 0;
		};
		9588F9832EC73151009BFE0E /* Resources */ = {
			isa = PBXResourcesBuildPhase;
			buildActionMask = 2147483647;
			files = (
			);
			runOnlyForDeploymentPostprocessing = 0;
		};
		9588F98D2EC73151009BFE0E /* Resources */ = {
			isa = PBXResourcesBuildPhase;
			buildActionMask = 2147483647;
			files = (
			);
			runOnlyForDeploymentPostprocessing = 0;
		};
/* End PBXResourcesBuildPhase section */

/* Begin PBXSourcesBuildPhase section */
		9588F96B2EC73150009BFE0E /* Sources */ = {
			isa = PBXSourcesBuildPhase;
			buildActionMask = 2147483647;
			files = (
			);
			runOnlyForDeploymentPostprocessing = 0;
		};
		9588F9812EC73151009BFE0E /* Sources */ = {
			isa = PBXSourcesBuildPhase;
			buildActionMask = 2147483647;
			files = (
			);
			runOnlyForDeploymentPostprocessing = 0;
		};
		9588F98B2EC73151009BFE0E /* Sources */ = {
			isa = PBXSourcesBuildPhase;
			buildActionMask = 2147483647;
			files = (
			);
			runOnlyForDeploymentPostprocessing = 0;
		};
/* End PBXSourcesBuildPhase section */

/* Begin PBXTargetDependency section */
		9588F9872EC73151009BFE0E /* PBXTargetDependency */ = {
			isa = PBXTargetDependency;
			target = 9588F96E2EC73150009BFE0E /* DogMeCat */;
			targetProxy = 9588F9862EC73151009BFE0E /* PBXContainerItemProxy */;
		};
		9588F9912EC73151009BFE0E /* PBXTargetDependency */ = {
			isa = PBXTargetDependency;
			target = 9588F96E2EC73150009BFE0E /* DogMeCat */;
			targetProxy = 9588F9902EC73151009BFE0E /* PBXContainerItemProxy */;
		};
/* End PBXTargetDependency section */

/* Begin XCBuildConfiguration section */
		9588F9992EC73151009BFE0E /* Debug */ = {
			isa = XCBuildConfiguration;
			buildSettings = {
				ASSETCATALOG_COMPILER_APPICON_NAME = AppIcon;
				ASSETCATALOG_COMPILER_GLOBAL_ACCENT_COLOR_NAME = AccentColor;
				CODE_SIGN_STYLE = Automatic;
				CURRENT_PROJECT_VERSION = 1;
				DEVELOPMENT_TEAM = XBR8397883;
				GENERATE_INFOPLIST_FILE = YES;
				INFOPLIST_FILE = DogMeCat/Info.plist;
				INFOPLIST_KEY_UIApplicationSupportsIndirectInputEvents = YES;
				INFOPLIST_KEY_UILaunchStoryboardName = LaunchScreen;
				INFOPLIST_KEY_UIMainStoryboardFile = Main;
				INFOPLIST_KEY_UISupportedInterfaceOrientations_iPad = "UIInterfaceOrientationPortrait UIInterfaceOrientationPortraitUpsideDown UIInterfaceOrientationLandscapeLeft UIInterfaceOrientationLandscapeRight";
				INFOPLIST_KEY_UISupportedInterfaceOrientations_iPhone = "UIInterfaceOrientationPortrait UIInterfaceOrientationLandscapeLeft UIInterfaceOrientationLandscapeRight";
				IPHONEOS_DEPLOYMENT_TARGET = 15.6;
				LD_RUNPATH_SEARCH_PATHS = (
					"$(inherited)",
					"@executable_path/Frameworks",
				);
				MARKETING_VERSION = 1.0;
				PRODUCT_BUNDLE_IDENTIFIER = natchar.DogMeCat;
				PRODUCT_NAME = "$(TARGET_NAME)";
				STRING_CATALOG_GENERATE_SYMBOLS = YES;
				SWIFT_APPROACHABLE_CONCURRENCY = YES;
				SWIFT_DEFAULT_ACTOR_ISOLATION = MainActor;
				SWIFT_EMIT_LOC_STRINGS = YES;
				SWIFT_UPCOMING_FEATURE_MEMBER_IMPORT_VISIBILITY = YES;
				SWIFT_VERSION = 5.0;
				TARGETED_DEVICE_FAMILY = "1,2";
			};
			name = Debug;
		};
		9588F99A2EC73151009BFE0E /* Release */ = {
			isa = XCBuildConfiguration;
			buildSettings = {
				ASSETCATALOG_COMPILER_APPICON_NAME = AppIcon;
				ASSETCATALOG_COMPILER_GLOBAL_ACCENT_COLOR_NAME = AccentColor;
				CODE_SIGN_STYLE = Automatic;
				CURRENT_PROJECT_VERSION = 1;
				DEVELOPMENT_TEAM = XBR8397883;
				GENERATE_INFOPLIST_FILE = YES;
				INFOPLIST_FILE = DogMeCat/Info.plist;
				INFOPLIST_KEY_UIApplicationSupportsIndirectInputEvents = YES;
				INFOPLIST_KEY_UILaunchStoryboardName = LaunchScreen;
				INFOPLIST_KEY_UIMainStoryboardFile = Main;
				INFOPLIST_KEY_UISupportedInterfaceOrientations_iPad = "UIInterfaceOrientationPortrait UIInterfaceOrientationPortraitUpsideDown UIInterfaceOrientationLandscapeLeft UIInterfaceOrientationLandscapeRight";
				INFOPLIST_KEY_UISupportedInterfaceOrientations_iPhone = "UIInterfaceOrientationPortrait UIInterfaceOrientationLandscapeLeft UIInterfaceOrientationLandscapeRight";
				IPHONEOS_DEPLOYMENT_TARGET = 15.6;
				LD_RUNPATH_SEARCH_PATHS = (
					"$(inherited)",
					"@executable_path/Frameworks",
				);
				MARKETING_VERSION = 1.0;
				PRODUCT_BUNDLE_IDENTIFIER = natchar.DogMeCat;
				PRODUCT_NAME = "$(TARGET_NAME)";
				STRING_CATALOG_GENERATE_SYMBOLS = YES;
				SWIFT_APPROACHABLE_CONCURRENCY = YES;
				SWIFT_DEFAULT_ACTOR_ISOLATION = MainActor;
				SWIFT_EMIT_LOC_STRINGS = YES;
				SWIFT_UPCOMING_FEATURE_MEMBER_IMPORT_VISIBILITY = YES;
				SWIFT_VERSION = 5.0;
				TARGETED_DEVICE_FAMILY = "1,2";
			};
			name = Release;
		};
		9588F99B2EC73151009BFE0E /* Debug */ = {
			isa = XCBuildConfiguration;
			buildSettings = {
				ALWAYS_SEARCH_USER_PATHS = NO;
				ASSETCATALOG_COMPILER_GENERATE_SWIFT_ASSET_SYMBOL_EXTENSIONS = YES;
				CLANG_ANALYZER_NONNULL = YES;
				CLANG_ANALYZER_NUMBER_OBJECT_CONVERSION = YES_AGGRESSIVE;
				CLANG_CXX_LANGUAGE_STANDARD = "gnu++20";
				CLANG_ENABLE_MODULES = YES;
				CLANG_ENABLE_OBJC_ARC = YES;
				CLANG_ENABLE_OBJC_WEAK = YES;
				CLANG_WARN_BLOCK_CAPTURE_AUTORELEASING = YES;
				CLANG_WARN_BOOL_CONVERSION = YES;
				CLANG_WARN_COMMA = YES;
				CLANG_WARN_CONSTANT_CONVERSION = YES;
				CLANG_WARN_DEPRECATED_OBJC_IMPLEMENTATIONS = YES;
				CLANG_WARN_DIRECT_OBJC_ISA_USAGE = YES_ERROR;
				CLANG_WARN_DOCUMENTATION_COMMENTS = YES;
				CLANG_WARN_EMPTY_BODY = YES;
				CLANG_WARN_ENUM_CONVERSION = YES;
				CLANG_WARN_INFINITE_RECURSION = YES;
				CLANG_WARN_INT_CONVERSION = YES;
				CLANG_WARN_NON_LITERAL_NULL_CONVERSION = YES;
				CLANG_WARN_OBJC_IMPLICIT_RETAIN_SELF = YES;
				CLANG_WARN_OBJC_LITERAL_CONVERSION = YES;
				CLANG_WARN_OBJC_ROOT_CLASS = YES_ERROR;
				CLANG_WARN_QUOTED_INCLUDE_IN_FRAMEWORK_HEADER = YES;
				CLANG_WARN_RANGE_LOOP_ANALYSIS = YES;
				CLANG_WARN_STRICT_PROTOTYPES = YES;
				CLANG_WARN_SUSPICIOUS_MOVE = YES;
				CLANG_WARN_UNGUARDED_AVAILABILITY = YES_AGGRESSIVE;
				CLANG_WARN_UNREACHABLE_CODE = YES;
				CLANG_WARN__DUPLICATE_METHOD_MATCH = YES;
				COPY_PHASE_STRIP = NO;
				DEBUG_INFORMATION_FORMAT = dwarf;
				DEVELOPMENT_TEAM = XBR8397883;
				ENABLE_STRICT_OBJC_MSGSEND = YES;
				ENABLE_TESTABILITY = YES;
				ENABLE_USER_SCRIPT_SANDBOXING = YES;
				GCC_C_LANGUAGE_STANDARD = gnu17;
				GCC_DYNAMIC_NO_PIC = NO;
				GCC_NO_COMMON_BLOCKS = YES;
				GCC_OPTIMIZATION_LEVEL = 0;
				GCC_PREPROCESSOR_DEFINITIONS = (
					"DEBUG=1",
					"$(inherited)",
				);
				GCC_WARN_64_TO_32_BIT_CONVERSION = YES;
				GCC_WARN_ABOUT_RETURN_TYPE = YES_ERROR;
				GCC_WARN_UNDECLARED_SELECTOR = YES;
				GCC_WARN_UNINITIALIZED_AUTOS = YES_AGGRESSIVE;
				GCC_WARN_UNUSED_FUNCTION = YES;
				GCC_WARN_UNUSED_VARIABLE = YES;
				IPHONEOS_DEPLOYMENT_TARGET = 26.1;
				LOCALIZATION_PREFERS_STRING_CATALOGS = YES;
				MTL_ENABLE_DEBUG_INFO = INCLUDE_SOURCE;
				MTL_FAST_MATH = YES;
				ONLY_ACTIVE_ARCH = YES;
				SDKROOT = iphoneos;
				SWIFT_ACTIVE_COMPILATION_CONDITIONS = "DEBUG $(inherited)";
				SWIFT_OPTIMIZATION_LEVEL = "-Onone";
			};
			name = Debug;
		};
		9588F99C2EC73151009BFE0E /* Release */ = {
			isa = XCBuildConfiguration;
			buildSettings = {
				ALWAYS_SEARCH_USER_PATHS = NO;
				ASSETCATALOG_COMPILER_GENERATE_SWIFT_ASSET_SYMBOL_EXTENSIONS = YES;
				CLANG_ANALYZER_NONNULL = YES;
				CLANG_ANALYZER_NUMBER_OBJECT_CONVERSION = YES_AGGRESSIVE;
				CLANG_CXX_LANGUAGE_STANDARD = "gnu++20";
				CLANG_ENABLE_MODULES = YES;
				CLANG_ENABLE_OBJC_ARC = YES;
				CLANG_ENABLE_OBJC_WEAK = YES;
				CLANG_WARN_BLOCK_CAPTURE_AUTORELEASING = YES;
				CLANG_WARN_BOOL_CONVERSION = YES;
				CLANG_WARN_COMMA = YES;
				CLANG_WARN_CONSTANT_CONVERSION = YES;
				CLANG_WARN_DEPRECATED_OBJC_IMPLEMENTATIONS = YES;
				CLANG_WARN_DIRECT_OBJC_ISA_USAGE = YES_ERROR;
				CLANG_WARN_DOCUMENTATION_COMMENTS = YES;
				CLANG_WARN_EMPTY_BODY = YES;
				CLANG_WARN_ENUM_CONVERSION = YES;
				CLANG_WARN_INFINITE_RECURSION = YES;
				CLANG_WARN_INT_CONVERSION = YES;
				CLANG_WARN_NON_LITERAL_NULL_CONVERSION = YES;
				CLANG_WARN_OBJC_IMPLICIT_RETAIN_SELF = YES;
				CLANG_WARN_OBJC_LITERAL_CONVERSION = YES;
				CLANG_WARN_OBJC_ROOT_CLASS = YES_ERROR;
				CLANG_WARN_QUOTED_INCLUDE_IN_FRAMEWORK_HEADER = YES;
				CLANG_WARN_RANGE_LOOP_ANALYSIS = YES;
				CLANG_WARN_STRICT_PROTOTYPES = YES;
				CLANG_WARN_SUSPICIOUS_MOVE = YES;
				CLANG_WARN_UNGUARDED_AVAILABILITY = YES_AGGRESSIVE;
				CLANG_WARN_UNREACHABLE_CODE = YES;
				CLANG_WARN__DUPLICATE_METHOD_MATCH = YES;
				COPY_PHASE_STRIP = NO;
				DEBUG_INFORMATION_FORMAT = "dwarf-with-dsym";
				DEVELOPMENT_TEAM = XBR8397883;
				ENABLE_NS_ASSERTIONS = NO;
				ENABLE_STRICT_OBJC_MSGSEND = YES;
				ENABLE_USER_SCRIPT_SANDBOXING = YES;
				GCC_C_LANGUAGE_STANDARD = gnu17;
				GCC_NO_COMMON_BLOCKS = YES;
				GCC_WARN_64_TO_32_BIT_CONVERSION = YES;
				GCC_WARN_ABOUT_RETURN_TYPE = YES_ERROR;
				GCC_WARN_UNDECLARED_SELECTOR = YES;
				GCC_WARN_UNINITIALIZED_AUTOS = YES_AGGRESSIVE;
				GCC_WARN_UNUSED_FUNCTION = YES;
				GCC_WARN_UNUSED_VARIABLE = YES;
				IPHONEOS_DEPLOYMENT_TARGET = 26.1;
				LOCALIZATION_PREFERS_STRING_CATALOGS = YES;
				MTL_ENABLE_DEBUG_INFO = NO;
				MTL_FAST_MATH = YES;
				SDKROOT = iphoneos;
				SWIFT_COMPILATION_MODE = wholemodule;
				VALIDATE_PRODUCT = YES;
			};
			name = Release;
		};
		9588F99E2EC73151009BFE0E /* Debug */ = {
			isa = XCBuildConfiguration;
			buildSettings = {
				BUNDLE_LOADER = "$(TEST_HOST)";
				CODE_SIGN_STYLE = Automatic;
				CURRENT_PROJECT_VERSION = 1;
				DEVELOPMENT_TEAM = XBR8397883;
				GENERATE_INFOPLIST_FILE = YES;
				IPHONEOS_DEPLOYMENT_TARGET = 26.1;
				MARKETING_VERSION = 1.0;
				PRODUCT_BUNDLE_IDENTIFIER = natchar.DogMeCatTests;
				PRODUCT_NAME = "$(TARGET_NAME)";
				STRING_CATALOG_GENERATE_SYMBOLS = NO;
				SWIFT_APPROACHABLE_CONCURRENCY = YES;
				SWIFT_EMIT_LOC_STRINGS = NO;
				SWIFT_UPCOMING_FEATURE_MEMBER_IMPORT_VISIBILITY = YES;
				SWIFT_VERSION = 5.0;
				TARGETED_DEVICE_FAMILY = "1,2";
				TEST_HOST = "$(BUILT_PRODUCTS_DIR)/DogMeCat.app/$(BUNDLE_EXECUTABLE_FOLDER_PATH)/DogMeCat";
			};
			name = Debug;
		};
		9588F99F2EC73151009BFE0E /* Release */ = {
			isa = XCBuildConfiguration;
			buildSettings = {
				BUNDLE_LOADER = "$(TEST_HOST)";
				CODE_SIGN_STYLE = Automatic;
				CURRENT_PROJECT_VERSION = 1;
				DEVELOPMENT_TEAM = XBR8397883;
				GENERATE_INFOPLIST_FILE = YES;
				IPHONEOS_DEPLOYMENT_TARGET = 26.1;
				MARKETING_VERSION = 1.0;
				PRODUCT_BUNDLE_IDENTIFIER = natchar.DogMeCatTests;
				PRODUCT_NAME = "$(TARGET_NAME)";
				STRING_CATALOG_GENERATE_SYMBOLS = NO;
				SWIFT_APPROACHABLE_CONCURRENCY = YES;
				SWIFT_EMIT_LOC_STRINGS = NO;
				SWIFT_UPCOMING_FEATURE_MEMBER_IMPORT_VISIBILITY = YES;
				SWIFT_VERSION = 5.0;
				TARGETED_DEVICE_FAMILY = "1,2";
				TEST_HOST = "$(BUILT_PRODUCTS_DIR)/DogMeCat.app/$(BUNDLE_EXECUTABLE_FOLDER_PATH)/DogMeCat";
			};
			name = Release;
		};
		9588F9A12EC73151009BFE0E /* Debug */ = {
			isa = XCBuildConfiguration;
			buildSettings = {
				CODE_SIGN_STYLE = Automatic;
				CURRENT_PROJECT_VERSION = 1;
				DEVELOPMENT_TEAM = XBR8397883;
				GENERATE_INFOPLIST_FILE = YES;
				MARKETING_VERSION = 1.0;
				PRODUCT_BUNDLE_IDENTIFIER = natchar.DogMeCatUITests;
				PRODUCT_NAME = "$(TARGET_NAME)";
				STRING_CATALOG_GENERATE_SYMBOLS = NO;
				SWIFT_APPROACHABLE_CONCURRENCY = YES;
				SWIFT_EMIT_LOC_STRINGS = NO;
				SWIFT_UPCOMING_FEATURE_MEMBER_IMPORT_VISIBILITY = YES;
				SWIFT_VERSION = 5.0;
				TARGETED_DEVICE_FAMILY = "1,2";
				TEST_TARGET_NAME = DogMeCat;
			};
			name = Debug;
		};
		9588F9A22EC73151009BFE0E /* Release */ = {
			isa = XCBuildConfiguration;
			buildSettings = {
				CODE_SIGN_STYLE = Automatic;
				CURRENT_PROJECT_VERSION = 1;
				DEVELOPMENT_TEAM = XBR8397883;
				GENERATE_INFOPLIST_FILE = YES;
				MARKETING_VERSION = 1.0;
				PRODUCT_BUNDLE_IDENTIFIER = natchar.DogMeCatUITests;
				PRODUCT_NAME = "$(TARGET_NAME)";
				STRING_CATALOG_GENERATE_SYMBOLS = NO;
				SWIFT_APPROACHABLE_CONCURRENCY = YES;
				SWIFT_EMIT_LOC_STRINGS = NO;
				SWIFT_UPCOMING_FEATURE_MEMBER_IMPORT_VISIBILITY = YES;
				SWIFT_VERSION = 5.0;
				TARGETED_DEVICE_FAMILY = "1,2";
				TEST_TARGET_NAME = DogMeCat;
			};
			name = Release;
		};
/* End XCBuildConfiguration section */

/* Begin XCConfigurationList section */
		9588F96A2EC73150009BFE0E /* Build configuration list for PBXProject "DogMeCat" */ = {
			isa = XCConfigurationList;
			buildConfigurations = (
				9588F99B2EC73151009BFE0E /* Debug */,
				9588F99C2EC73151009BFE0E /* Release */,
			);
			defaultConfigurationIsVisible = 0;
			defaultConfigurationName = Release;
		};
		9588F9982EC73151009BFE0E /* Build configuration list for PBXNativeTarget "DogMeCat" */ = {
			isa = XCConfigurationList;
			buildConfigurations = (
				9588F9992EC73151009BFE0E /* Debug */,
				9588F99A2EC73151009BFE0E /* Release */,
			);
			defaultConfigurationIsVisible = 0;
			defaultConfigurationName = Release;
		};
		9588F99D2EC73151009BFE0E /* Build configuration list for PBXNativeTarget "DogMeCatTests" */ = {
			isa = XCConfigurationList;
			buildConfigurations = (
				9588F99E2EC73151009BFE0E /* Debug */,
				9588F99F2EC73151009BFE0E /* Release */,
			);
			defaultConfigurationIsVisible = 0;
			defaultConfigurationName = Release;
		};
		9588F9A02EC73151009BFE0E /* Build configuration list for PBXNativeTarget "DogMeCatUITests" */ = {
			isa = XCConfigurationList;
			buildConfigurations = (
				9588F9A12EC73151009BFE0E /* Debug */,
				9588F9A22EC73151009BFE0E /* Release */,
			);
			defaultConfigurationIsVisible = 0;
			defaultConfigurationName = Release;
		};
/* End XCConfigurationList section */

/* Begin XCRemoteSwiftPackageReference section */
		9588F9F42EC73F52009BFE0E /* XCRemoteSwiftPackageReference "Alamofire" */ = {
			isa = XCRemoteSwiftPackageReference;
			repositoryURL = "https://github.com/Alamofire/Alamofire.git";
			requirement = {
				kind = upToNextMajorVersion;
				minimumVersion = 5.10.2;
			};
		};
/* End XCRemoteSwiftPackageReference section */

/* Begin XCSwiftPackageProductDependency section */
		9588F9F82EC74011009BFE0E /* Alamofire */ = {
			isa = XCSwiftPackageProductDependency;
			package = 9588F9F42EC73F52009BFE0E /* XCRemoteSwiftPackageReference "Alamofire" */;
			productName = Alamofire;
		};
/* End XCSwiftPackageProductDependency section */
	};
	rootObject = 9588F9672EC73150009BFE0E /* Project object */;
}
